
Microsoft Visual Studio Solution File, Format Version 12.00
# Visual Studio Version 17
VisualStudioVersion = 17.1.32210.238
MinimumVisualStudioVersion = 10.0.40219.1
Project("{8BC9CEB8-8B4A-11D0-8D11-00A0C91BC942}") = "Calculator", "Calculator.vcxproj", "{B0E8B00D-7F69-438C-B0A5-5D6E75E58153}"
EndProject
Global
	GlobalSection(SolutionConfigurationPlatforms) = preSolution
		Debug|x64 = Debug|x64
		Debug|x86 = Debug|x86
		Release|x64 = Release|x64
		Release|x86 = Release|x86
	EndGlobalSection
	GlobalSection(ProjectConfigurationPlatforms) = postSolution
		{B0E8B00D-7F69-438C-B0A5-5D6E75E58153}.Debug|x64.ActiveCfg = Debug|x64
		{B0E8B00D-7F69-438C-B0A5-5D6E75E58153}.Debug|x64.Build.0 = Debug|x64
		{B0E8B00D-7F69-438C-B0A5-5D6E75E58153}.Debug|x86.ActiveCfg = Debug|Win32
		{B0E8B00D-7F69-438C-B0A5-5D6E75E58153}.Debug|x86.Build.0 = Debug|Win32
		{B0E8B00D-7F69-438C-B0A5-5D6E75E58153}.Release|x64.ActiveCfg = Release|x64
		{B0E8B00D-7F69-438C-B0A5-5D6E75E58153}.Release|x64.Build.0 = Release|x64
		{B0E8B00D-7F69-438C-B0A5-5D6E75E58153}.Release|x86.ActiveCfg = Release|Win32
		{B0E8B00D-7F69-438C-B0A5-5D6E75E58153}.Release|x86.Build.0 = Release|Win32
	EndGlobalSection
	GlobalSection(SolutionProperties) = preSolution
		HideSolutionNode = FALSE
	EndGlobalSection
	GlobalSection(ExtensibilityGlobals) = postSolution
		SolutionGuid = {10214962-3976-4CB3-8761-4A506352144A}
	EndGlobalSection
EndGlobal
